
Microsoft Visual Studio Solution File, Format Version 12.00
# Visual Studio Version 17
VisualStudioVersion = 17.7.34003.232
MinimumVisualStudioVersion = 10.0.40219.1
Project("{9A19103F-16F7-4668-BE54-9A1E7A4F7556}") = "KamazMVC", "KamazMVC\KamazMVC.csproj", "{CA742B9D-F943-420B-A864-97C05B0570AD}"
EndProject
Global
	GlobalSection(SolutionConfigurationPlatforms) = preSolution
		Debug|Any CPU = Debug|Any CPU
		Release|Any CPU = Release|Any CPU
	EndGlobalSection
	GlobalSection(ProjectConfigurationPlatforms) = postSolution
		{CA742B9D-F943-420B-A864-97C05B0570AD}.Debug|Any CPU.ActiveCfg = Debug|Any CPU
		{CA742B9D-F943-420B-A864-97C05B0570AD}.Debug|Any CPU.Build.0 = Debug|Any CPU
		{CA742B9D-F943-420B-A864-97C05B0570AD}.Release|Any CPU.ActiveCfg = Release|Any CPU
		{CA742B9D-F943-420B-A864-97C05B0570AD}.Release|Any CPU.Build.0 = Release|Any CPU
	EndGlobalSection
	GlobalSection(SolutionProperties) = preSolution
		HideSolutionNode = FALSE
	EndGlobalSection
	GlobalSection(ExtensibilityGlobals) = postSolution
		SolutionGuid = {F2612565-37AD-4B4B-BEA8-E429C48307E3}
	EndGlobalSection
EndGlobal
